
Microsoft Visual Studio Solution File, Format Version 12.00
# Visual Studio 15
VisualStudioVersion = 15.0.28307.136
MinimumVisualStudioVersion = 10.0.40219.1
Project("{DA7A21FA-8162-4350-AD77-A8D1B671F3ED}") = "AzureDataExplorer", "AzureDataExplorer.rxproj", "{36D78550-39B7-492B-B333-E3B318A3F60B}"
EndProject
Global
	GlobalSection(SolutionConfigurationPlatforms) = preSolution
		Debug|Any CPU = Debug|Any CPU
		Release|Any CPU = Release|Any CPU
	EndGlobalSection
	GlobalSection(ProjectConfigurationPlatforms) = postSolution
		{36D78550-39B7-492B-B333-E3B318A3F60B}.Debug|Any CPU.ActiveCfg = Debug|Any CPU
		{36D78550-39B7-492B-B333-E3B318A3F60B}.Debug|Any CPU.Build.0 = Debug|Any CPU
		{36D78550-39B7-492B-B333-E3B318A3F60B}.Release|Any CPU.ActiveCfg = Release|Any CPU
		{36D78550-39B7-492B-B333-E3B318A3F60B}.Release|Any CPU.Build.0 = Release|Any CPU
	EndGlobalSection
	GlobalSection(SolutionProperties) = preSolution
		HideSolutionNode = FALSE
	EndGlobalSection
	GlobalSection(ExtensibilityGlobals) = postSolution
		SolutionGuid = {6313FA3C-5276-4925-8266-FC82D1F1A723}
	EndGlobalSection
EndGlobal
